
Microsoft Visual Studio Solution File, Format Version 12.00
# Visual Studio Version 16
VisualStudioVersion = 16.0.29009.5
MinimumVisualStudioVersion = 10.0.40219.1
Project("{9A19103F-16F7-4668-BE54-9A1E7A4F7556}") = "Multilinks.ApiService", "Multilinks.ApiService\Multilinks.ApiService.csproj", "{900862DE-396D-41AC-9E84-6D4A0AAA848E}"
EndProject
Global
	GlobalSection(SolutionConfigurationPlatforms) = preSolution
		Debug|Any CPU = Debug|Any CPU
		Release|Any CPU = Release|Any CPU
	EndGlobalSection
	GlobalSection(ProjectConfigurationPlatforms) = postSolution
		{900862DE-396D-41AC-9E84-6D4A0AAA848E}.Debug|Any CPU.ActiveCfg = Debug|Any CPU
		{900862DE-396D-41AC-9E84-6D4A0AAA848E}.Debug|Any CPU.Build.0 = Debug|Any CPU
		{900862DE-396D-41AC-9E84-6D4A0AAA848E}.Release|Any CPU.ActiveCfg = Release|Any CPU
		{900862DE-396D-41AC-9E84-6D4A0AAA848E}.Release|Any CPU.Build.0 = Release|Any CPU
	EndGlobalSection
	GlobalSection(SolutionProperties) = preSolution
		HideSolutionNode = FALSE
	EndGlobalSection
	GlobalSection(ExtensibilityGlobals) = postSolution
		SolutionGuid = {2A99ABF6-0BC5-4098-9E26-0818F82C1732}
	EndGlobalSection
EndGlobal
